
Microsoft Visual Studio Solution File, Format Version 12.00
# Visual Studio 15
VisualStudioVersion = 15.0.28307.489
MinimumVisualStudioVersion = 10.0.40219.1
Project("{FAE04EC0-301F-11D3-BF4B-00C04F79EFBC}") = "envitechInterviewAPP", "envitechInterviewAPP\envitechInterviewAPP.csproj", "{91AC8E06-3DDA-4899-AD2A-4EB9D4CE4519}"
EndProject
Global
	GlobalSection(SolutionConfigurationPlatforms) = preSolution
		Debug|Any CPU = Debug|Any CPU
		Release|Any CPU = Release|Any CPU
	EndGlobalSection
	GlobalSection(ProjectConfigurationPlatforms) = postSolution
		{91AC8E06-3DDA-4899-AD2A-4EB9D4CE4519}.Debug|Any CPU.ActiveCfg = Debug|Any CPU
		{91AC8E06-3DDA-4899-AD2A-4EB9D4CE4519}.Debug|Any CPU.Build.0 = Debug|Any CPU
		{91AC8E06-3DDA-4899-AD2A-4EB9D4CE4519}.Release|Any CPU.ActiveCfg = Release|Any CPU
		{91AC8E06-3DDA-4899-AD2A-4EB9D4CE4519}.Release|Any CPU.Build.0 = Release|Any CPU
	EndGlobalSection
	GlobalSection(SolutionProperties) = preSolution
		HideSolutionNode = FALSE
	EndGlobalSection
	GlobalSection(ExtensibilityGlobals) = postSolution
		SolutionGuid = {29DA1870-B4AD-4ED5-9BB6-B0D677481A4B}
	EndGlobalSection
EndGlobal
